
Microsoft Visual Studio Solution File, Format Version 12.00
# Visual Studio 15
VisualStudioVersion = 15.0.27428.2011
MinimumVisualStudioVersion = 10.0.40219.1
Project("{FAE04EC0-301F-11D3-BF4B-00C04F79EFBC}") = "SeleniumElementsTest", "SeleniumElementsTest\SeleniumElementsTest.csproj", "{4A717F15-1791-402A-A34D-489C8DB81D0C}"
EndProject
Global
	GlobalSection(SolutionConfigurationPlatforms) = preSolution
		Debug|Any CPU = Debug|Any CPU
		Release|Any CPU = Release|Any CPU
	EndGlobalSection
	GlobalSection(ProjectConfigurationPlatforms) = postSolution
		{4A717F15-1791-402A-A34D-489C8DB81D0C}.Debug|Any CPU.ActiveCfg = Debug|Any CPU
		{4A717F15-1791-402A-A34D-489C8DB81D0C}.Debug|Any CPU.Build.0 = Debug|Any CPU
		{4A717F15-1791-402A-A34D-489C8DB81D0C}.Release|Any CPU.ActiveCfg = Release|Any CPU
		{4A717F15-1791-402A-A34D-489C8DB81D0C}.Release|Any CPU.Build.0 = Release|Any CPU
	EndGlobalSection
	GlobalSection(SolutionProperties) = preSolution
		HideSolutionNode = FALSE
	EndGlobalSection
	GlobalSection(ExtensibilityGlobals) = postSolution
		SolutionGuid = {8EAE85F5-5F15-4782-BC67-E5AA59D78CB7}
	EndGlobalSection
EndGlobal
